change_id: CHG-2026-0001
contract: test-lock
files:
- hash: 031ba0ac4fc953fce866f485c487301c6c6ea4c5a005f2db7eb6de14129be9b6
  path: tests/runtime/test_verify.py
- hash: dc26d8d33dc08e0630b7e7e9e6583d27081088451425f813be912a0d1d622554
  path: tests/runtime/test_ci_replay.py
- hash: e970ea310c0a7b9b8d074616e107f98243403c0f4d1768f5d36805e9fdf61b84
  path: tests/runtime/test_github_ci.py
- hash: ee5e8fac1d7c63baa5bc24a6f50f350e2f1ec295a8fa0cafe1753f273fcbf10e
  path: tests/runtime/test_change.py
- hash: fcc56ba212624ff60f3b75ae10eaadc6639ade722eb7ff8d9bfd02e5e597e848
  path: tests/contract/fixtures/legal/ci-enforcement-policy.ok.json
- hash: 268f9c04bc1ac3e3feb4f4ec30731eea340f4a8d34bd89dfef479ce119d06d05
  path: tests/contract/fixtures/illegal/ci-enforcement-policy.bad.mutable-action.json
- hash: 8129556fa2e22ce7a0bf4f2380644d9e2f83a86f982e0c2aa16626e12fb2efcf
  path: tests/contract/test_contracts.py
- hash: c1a4bb54394e48e93edfd9a94b9a5abc5fc5de46cbb71c27c8c84e2653c73a8d
  path: tests/runtime/test_m6_2d_dogfood.py
locked_at: '2026-08-29T15:34:16.452437+00:00'
protected:
  .aeh/effective-workflow.yaml: 4f6ee137d14038b2da38baaa26d322f7892e6f5508bbb795f6ec6ceb0d430dbb
  .aeh/profile.yaml: 95b68de1057461247db51b3ee0d81a54f1a082efa31f983166039d6d778c6ea2
  evidence.yaml: 7e5db37cfcc96ff74bfbbe60d1b98f6c5d1c36c6da96fb7c1343068523be1c43
  spec.yaml: 7b0ccf980be2201526405e724bc98af5138ba3bc80d624231dec76da8435bf76
repository:
  base_commit: 8e993ce5a42355dd872fd4eacfcc5474d7429037
  dirty: null
version: 1
