change_id: CHG-2026-0002
contract: test-lock
files:
- hash: a28692758cce19b065df5c9728089e955451afc66ca721339762be8fb102ef15
  path: tests/runtime/test_coordination.py
locked_at: '2026-08-31T05:29:26.211324+00:00'
protected:
  .aeh/effective-workflow.yaml: 4f6ee137d14038b2da38baaa26d322f7892e6f5508bbb795f6ec6ceb0d430dbb
  .aeh/profile.yaml: 95b68de1057461247db51b3ee0d81a54f1a082efa31f983166039d6d778c6ea2
  evidence.yaml: e9fc93db8c66c174fbe10dc3b0d678e1c2a117c41cc5d59df24cc41156f7108c
  spec.yaml: 8d003dd2440c989f5f9619e0eb8dca9286d949dae70e5b664855934ed5d60200
repository:
  base_commit: a6b08383ad72866bf4df1bd6ec37f8dab6e55598
  dirty: null
version: 1
